// !$*UTF8*$!
{
	archiveVersion = 1;
	classes = {
	};
	objectVersion = 77;
	objects = {

/* Begin PBXBuildFile section */
		95ECEE372D8C4E3D00773515 /* SDWebImageSVGCoder in Frameworks */ = {isa = PBXBuildFile; productRef = 95ECEE362D8C4E3D00773515 /* SDWebImageSVGCoder */; };
/* End PBXBuildFile section */

/* Begin PBXContainerItemProxy section */
		95ECEDBC2D899CD400773515 /* PBXContainerItemProxy */ = {
			isa = PBXContainerItemProxy;
			containerPortal = 95ECED9D2D899CD200773515 /* Project object */;
			proxyType = 1;
			remoteGlobalIDString = 95ECEDA42D899CD200773515;
			remoteInfo = OzanSuperApp;
		};
		95ECEDC62D899CD400773515 /* PBXContainerItemProxy */ = {
			isa = PBXContainerItemProxy;
			containerPortal = 95ECED9D2D899CD200773515 /* Project object */;
			proxyType = 1;
			remoteGlobalIDString = 95ECEDA42D899CD200773515;
			remoteInfo = OzanSuperApp;
		};
/* End PBXContainerItemProxy section */

/* Begin PBXFileReference section */
		95ECEDA52D899CD200773515 /* OzanSuperApp.app */ = {isa = PBXFileReference; explicitFileType = wrapper.application; includeInIndex = 0; path = OzanSuperApp.app; sourceTree = BUILT_PRODUCTS_DIR; };
		95ECEDBB2D899CD400773515 /* OzanSuperAppTests.xctest */ = {isa = PBXFileReference; explicitFileType = wrapper.cfbundle; includeInIndex = 0; path = OzanSuperAppTests.xctest; sourceTree = BUILT_PRODUCTS_DIR; };
		95ECEDC52D899CD400773515 /* OzanSuperAppUITests.xctest */ = {isa = PBXFileReference; explicitFileType = wrapper.cfbundle; includeInIndex = 0; path = OzanSuperAppUITests.xctest; sourceTree = BUILT_PRODUCTS_DIR; };
/* End PBXFileReference section */

/* Begin PBXFileSystemSynchronizedBuildFileExceptionSet section */
		95ECEDCD2D899CD400773515 /* Exceptions for "OzanSuperApp" folder in "OzanSuperApp" target */ = {
			isa = PBXFileSystemSynchronizedBuildFileExceptionSet;
			membershipExceptions = (
				Info.plist,
			);
			target = 95ECEDA42D899CD200773515 /* OzanSuperApp */;
		};
/* End PBXFileSystemSynchronizedBuildFileExceptionSet section */

/* Begin PBXFileSystemSynchronizedRootGroup section */
		95ECEDA72D899CD200773515 /* OzanSuperApp */ = {
			isa = PBXFileSystemSynchronizedRootGroup;
			exceptions = (
				95ECEDCD2D899CD400773515 /* Exceptions for "OzanSuperApp" folder in "OzanSuperApp" target */,
			);
			path = OzanSuperApp;
			sourceTree = "<group>";
		};
		95ECEDBE2D899CD400773515 /* OzanSuperAppTests */ = {
			isa = PBXFileSystemSynchronizedRootGroup;
			path = OzanSuperAppTests;
			sourceTree = "<group>";
		};
		95ECEDC82D899CD400773515 /* OzanSuperAppUITests */ = {
			isa = PBXFileSystemSynchronizedRootGroup;
			path = OzanSuperAppUITests;
			sourceTree = "<group>";
		};
/* End PBXFileSystemSynchronizedRootGroup section */

/* Begin PBXFrameworksBuildPhase section */
		95ECEDA22D899CD200773515 /* Frameworks */ = {
			isa = PBXFrameworksBuildPhase;
			buildActionMask = 2147483647;
			files = (
				95ECEE372D8C4E3D00773515 /* SDWebImageSVGCoder in Frameworks */,
			);
			runOnlyForDeploymentPostprocessing = 0;
		};
		95ECEDB82D899CD400773515 /* Frameworks */ = {
			isa = PBXFrameworksBuildPhase;
			buildActionMask = 2147483647;
			files = (
			);
			runOnlyForDeploymentPostprocessing = 0;
		};
		95ECEDC22D899CD400773515 /* Frameworks */ = {
			isa = PBXFrameworksBuildPhase;
			buildActionMask = 2147483647;
			files = (
			);
			runOnlyForDeploymentPostprocessing = 0;
		};
/* End PBXFrameworksBuildPhase section */

/* Begin PBXGroup section */
		95ECED9C2D899CD200773515 = {
			isa = PBXGroup;
			children = (
				95ECEDA72D899CD200773515 /* OzanSuperApp */,
				95ECEDBE2D899CD400773515 /* OzanSuperAppTests */,
				95ECEDC82D899CD400773515 /* OzanSuperAppUITests */,
				95ECEDA62D899CD200773515 /* Products */,
			);
			sourceTree = "<group>";
		};
		95ECEDA62D899CD200773515 /* Products */ = {
			isa = PBXGroup;
			children = (
				95ECEDA52D899CD200773515 /* OzanSuperApp.app */,
				95ECEDBB2D899CD400773515 /* OzanSuperAppTests.xctest */,
				95ECEDC52D899CD400773515 /* OzanSuperAppUITests.xctest */,
			);
			name = Products;
			sourceTree = "<group>";
		};
/* End PBXGroup section */

/* Begin PBXNativeTarget section */
		95ECEDA42D899CD200773515 /* OzanSuperApp */ = {
			isa = PBXNativeTarget;
			buildConfigurationList = 95ECEDCE2D899CD400773515 /* Build configuration list for PBXNativeTarget "OzanSuperApp" */;
			buildPhases = (
				95ECEDA12D899CD200773515 /* Sources */,
				95ECEDA22D899CD200773515 /* Frameworks */,
				95ECEDA32D899CD200773515 /* Resources */,
			);
			buildRules = (
			);
			dependencies = (
			);
			fileSystemSynchronizedGroups = (
				95ECEDA72D899CD200773515 /* OzanSuperApp */,
			);
			name = OzanSuperApp;
			packageProductDependencies = (
				95ECEE362D8C4E3D00773515 /* SDWebImageSVGCoder */,
			);
			productName = OzanSuperApp;
			productReference = 95ECEDA52D899CD200773515 /* OzanSuperApp.app */;
			productType = "com.apple.product-type.application";
		};
		95ECEDBA2D899CD400773515 /* OzanSuperAppTests */ = {
			isa = PBXNativeTarget;
			buildConfigurationList = 95ECEDD32D899CD400773515 /* Build configuration list for PBXNativeTarget "OzanSuperAppTests" */;
			buildPhases = (
				95ECEDB72D899CD400773515 /* Sources */,
				95ECEDB82D899CD400773515 /* Frameworks */,
				95ECEDB92D899CD400773515 /* Resources */,
			);
			buildRules = (
			);
			dependencies = (
				95ECEDBD2D899CD400773515 /* PBXTargetDependency */,
			);
			fileSystemSynchronizedGroups = (
				95ECEDBE2D899CD400773515 /* OzanSuperAppTests */,
			);
			name = OzanSuperAppTests;
			packageProductDependencies = (
			);
			productName = OzanSuperAppTests;
			productReference = 95ECEDBB2D899CD400773515 /* OzanSuperAppTests.xctest */;
			productType = "com.apple.product-type.bundle.unit-test";
		};
		95ECEDC42D899CD400773515 /* OzanSuperAppUITests */ = {
			isa = PBXNativeTarget;
			buildConfigurationList = 95ECEDD62D899CD400773515 /* Build configuration list for PBXNativeTarget "OzanSuperAppUITests" */;
			buildPhases = (
				95ECEDC12D899CD400773515 /* Sources */,
				95ECEDC22D899CD400773515 /* Frameworks */,
				95ECEDC32D899CD400773515 /* Resources */,
			);
			buildRules = (
			);
			dependencies = (
				95ECEDC72D899CD400773515 /* PBXTargetDependency */,
			);
			fileSystemSynchronizedGroups = (
				95ECEDC82D899CD400773515 /* OzanSuperAppUITests */,
			);
			name = OzanSuperAppUITests;
			packageProductDependencies = (
			);
			productName = OzanSuperAppUITests;
			productReference = 95ECEDC52D899CD400773515 /* OzanSuperAppUITests.xctest */;
			productType = "com.apple.product-type.bundle.ui-testing";
		};
/* End PBXNativeTarget section */

/* Begin PBXProject section */
		95ECED9D2D899CD200773515 /* Project object */ = {
			isa = PBXProject;
			attributes = {
				BuildIndependentTargetsInParallel = 1;
				LastSwiftUpdateCheck = 1600;
				LastUpgradeCheck = 1600;
				TargetAttributes = {
					95ECEDA42D899CD200773515 = {
						CreatedOnToolsVersion = 16.0;
					};
					95ECEDBA2D899CD400773515 = {
						CreatedOnToolsVersion = 16.0;
						TestTargetID = 95ECEDA42D899CD200773515;
					};
					95ECEDC42D899CD400773515 = {
						CreatedOnToolsVersion = 16.0;
						TestTargetID = 95ECEDA42D899CD200773515;
					};
				};
			};
			buildConfigurationList = 95ECEDA02D899CD200773515 /* Build configuration list for PBXProject "OzanSuperApp" */;
			developmentRegion = en;
			hasScannedForEncodings = 0;
			knownRegions = (
				en,
				Base,
			);
			mainGroup = 95ECED9C2D899CD200773515;
			minimizedProjectReferenceProxies = 1;
			packageReferences = (
				95ECEE352D8C4E3D00773515 /* XCRemoteSwiftPackageReference "SDWebImageSVGCoder" */,
			);
			preferredProjectObjectVersion = 77;
			productRefGroup = 95ECEDA62D899CD200773515 /* Products */;
			projectDirPath = "";
			projectRoot = "";
			targets = (
				95ECEDA42D899CD200773515 /* OzanSuperApp */,
				95ECEDBA2D899CD400773515 /* OzanSuperAppTests */,
				95ECEDC42D899CD400773515 /* OzanSuperAppUITests */,
			);
		};
/* End PBXProject section */

/* Begin PBXResourcesBuildPhase section */
		95ECEDA32D899CD200773515 /* Resources */ = {
			isa = PBXResourcesBuildPhase;
			buildActionMask = 2147483647;
			files = (
			);
			runOnlyForDeploymentPostprocessing = 0;
		};
		95ECEDB92D899CD400773515 /* Resources */ = {
			isa = PBXResourcesBuildPhase;
			buildActionMask = 2147483647;
			files = (
			);
			runOnlyForDeploymentPostprocessing = 0;
		};
		95ECEDC32D899CD400773515 /* Resources */ = {
			isa = PBXResourcesBuildPhase;
			buildActionMask = 2147483647;
			files = (
			);
			runOnlyForDeploymentPostprocessing = 0;
		};
/* End PBXResourcesBuildPhase section */

/* Begin PBXSourcesBuildPhase section */
		95ECEDA12D899CD200773515 /* Sources */ = {
			isa = PBXSourcesBuildPhase;
			buildActionMask = 2147483647;
			files = (
			);
			runOnlyForDeploymentPostprocessing = 0;
		};
		95ECEDB72D899CD400773515 /* Sources */ = {
			isa = PBXSourcesBuildPhase;
			buildActionMask = 2147483647;
			files = (
			);
			runOnlyForDeploymentPostprocessing = 0;
		};
		95ECEDC12D899CD400773515 /* Sources */ = {
			isa = PBXSourcesBuildPhase;
			buildActionMask = 2147483647;
			files = (
			);
			runOnlyForDeploymentPostprocessing = 0;
		};
/* End PBXSourcesBuildPhase section */

/* Begin PBXTargetDependency section */
		95ECEDBD2D899CD400773515 /* PBXTargetDependency */ = {
			isa = PBXTargetDependency;
			target = 95ECEDA42D899CD200773515 /* OzanSuperApp */;
			targetProxy = 95ECEDBC2D899CD400773515 /* PBXContainerItemProxy */;
		};
		95ECEDC72D899CD400773515 /* PBXTargetDependency */ = {
			isa = PBXTargetDependency;
			target = 95ECEDA42D899CD200773515 /* OzanSuperApp */;
			targetProxy = 95ECEDC62D899CD400773515 /* PBXContainerItemProxy */;
		};
/* End PBXTargetDependency section */

/* Begin XCBuildConfiguration section */
		95ECEDCF2D899CD400773515 /* Debug */ = {
			isa = XCBuildConfiguration;
			buildSettings = {
				ASSETCATALOG_COMPILER_APPICON_NAME = AppIcon;
				ASSETCATALOG_COMPILER_GLOBAL_ACCENT_COLOR_NAME = AccentColor;
				CODE_SIGN_STYLE = Automatic;
				CURRENT_PROJECT_VERSION = 1;
				GENERATE_INFOPLIST_FILE = YES;
				INFOPLIST_FILE = OzanSuperApp/Info.plist;
				INFOPLIST_KEY_UIApplicationSupportsIndirectInputEvents = YES;
				INFOPLIST_KEY_UILaunchStoryboardName = LaunchScreen;
				INFOPLIST_KEY_UIMainStoryboardFile = Main;
				INFOPLIST_KEY_UISupportedInterfaceOrientations_iPad = "UIInterfaceOrientationPortrait UIInterfaceOrientationPortraitUpsideDown UIInterfaceOrientationLandscapeLeft UIInterfaceOrientationLandscapeRight";
				INFOPLIST_KEY_UISupportedInterfaceOrientations_iPhone = "UIInterfaceOrientationPortrait UIInterfaceOrientationLandscapeLeft UIInterfaceOrientationLandscapeRight";
				LD_RUNPATH_SEARCH_PATHS = (
					"$(inherited)",
					"@executable_path/Frameworks",
				);
				MARKETING_VERSION = 1.0;
				PRODUCT_BUNDLE_IDENTIFIER = com.OzanSuperApp;
				PRODUCT_NAME = "$(TARGET_NAME)";
				SWIFT_EMIT_LOC_STRINGS = YES;
				SWIFT_VERSION = 5.0;
				TARGETED_DEVICE_FAMILY = "1,2";
			};
			name = Debug;
		};
		95ECEDD02D899CD400773515 /* Release */ = {
			isa = XCBuildConfiguration;
			buildSettings = {
				ASSETCATALOG_COMPILER_APPICON_NAME = AppIcon;
				ASSETCATALOG_COMPILER_GLOBAL_ACCENT_COLOR_NAME = AccentColor;
				CODE_SIGN_STYLE = Automatic;
				CURRENT_PROJECT_VERSION = 1;
				GENERATE_INFOPLIST_FILE = YES;
				INFOPLIST_FILE = OzanSuperApp/Info.plist;
				INFOPLIST_KEY_UIApplicationSupportsIndirectInputEvents = YES;
				INFOPLIST_KEY_UILaunchStoryboardName = LaunchScreen;
				INFOPLIST_KEY_UIMainStoryboardFile = Main;
				INFOPLIST_KEY_UISupportedInterfaceOrientations_iPad = "UIInterfaceOrientationPortrait UIInterfaceOrientationPortraitUpsideDown UIInterfaceOrientationLandscapeLeft UIInterfaceOrientationLandscapeRight";
				INFOPLIST_KEY_UISupportedInterfaceOrientations_iPhone = "UIInterfaceOrientationPortrait UIInterfaceOrientationLandscapeLeft UIInterfaceOrientationLandscapeRight";
				LD_RUNPATH_SEARCH_PATHS = (
					"$(inherited)",
					"@executable_path/Frameworks",
				);
				MARKETING_VERSION = 1.0;
				PRODUCT_BUNDLE_IDENTIFIER = com.OzanSuperApp;
				PRODUCT_NAME = "$(TARGET_NAME)";
				SWIFT_EMIT_LOC_STRINGS = YES;
				SWIFT_VERSION = 5.0;
				TARGETED_DEVICE_FAMILY = "1,2";
			};
			name = Release;
		};
		95ECEDD12D899CD400773515 /* Debug */ = {
			isa = XCBuildConfiguration;
			buildSettings = {
				ALWAYS_SEARCH_USER_PATHS = NO;
				ASSETCATALOG_COMPILER_GENERATE_SWIFT_ASSET_SYMBOL_EXTENSIONS = YES;
				CLANG_ANALYZER_NONNULL = YES;
				CLANG_ANALYZER_NUMBER_OBJECT_CONVERSION = YES_AGGRESSIVE;
				CLANG_CXX_LANGUAGE_STANDARD = "gnu++20";
				CLANG_ENABLE_MODULES = YES;
				CLANG_ENABLE_OBJC_ARC = YES;
				CLANG_ENABLE_OBJC_WEAK = YES;
				CLANG_WARN_BLOCK_CAPTURE_AUTORELEASING = YES;
				CLANG_WARN_BOOL_CONVERSION = YES;
				CLANG_WARN_COMMA = YES;
				CLANG_WARN_CONSTANT_CONVERSION = YES;
				CLANG_WARN_DEPRECATED_OBJC_IMPLEMENTATIONS = YES;
				CLANG_WARN_DIRECT_OBJC_ISA_USAGE = YES_ERROR;
				CLANG_WARN_DOCUMENTATION_COMMENTS = YES;
				CLANG_WARN_EMPTY_BODY = YES;
				CLANG_WARN_ENUM_CONVERSION = YES;
				CLANG_WARN_INFINITE_RECURSION = YES;
				CLANG_WARN_INT_CONVERSION = YES;
				CLANG_WARN_NON_LITERAL_NULL_CONVERSION = YES;
				CLANG_WARN_OBJC_IMPLICIT_RETAIN_SELF = YES;
				CLANG_WARN_OBJC_LITERAL_CONVERSION = YES;
				CLANG_WARN_OBJC_ROOT_CLASS = YES_ERROR;
				CLANG_WARN_QUOTED_INCLUDE_IN_FRAMEWORK_HEADER = YES;
				CLANG_WARN_RANGE_LOOP_ANALYSIS = YES;
				CLANG_WARN_STRICT_PROTOTYPES = YES;
				CLANG_WARN_SUSPICIOUS_MOVE = YES;
				CLANG_WARN_UNGUARDED_AVAILABILITY = YES_AGGRESSIVE;
				CLANG_WARN_UNREACHABLE_CODE = YES;
				CLANG_WARN__DUPLICATE_METHOD_MATCH = YES;
				COPY_PHASE_STRIP = NO;
				DEBUG_INFORMATION_FORMAT = dwarf;
				ENABLE_STRICT_OBJC_MSGSEND = YES;
				ENABLE_TESTABILITY = YES;
				ENABLE_USER_SCRIPT_SANDBOXING = YES;
				GCC_C_LANGUAGE_STANDARD = gnu17;
				GCC_DYNAMIC_NO_PIC = NO;
				GCC_NO_COMMON_BLOCKS = YES;
				GCC_OPTIMIZATION_LEVEL = 0;
				GCC_PREPROCESSOR_DEFINITIONS = (
					"DEBUG=1",
					"$(inherited)",
				);
				GCC_WARN_64_TO_32_BIT_CONVERSION = YES;
				GCC_WARN_ABOUT_RETURN_TYPE = YES_ERROR;
				GCC_WARN_UNDECLARED_SELECTOR = YES;
				GCC_WARN_UNINITIALIZED_AUTOS = YES_AGGRESSIVE;
				GCC_WARN_UNUSED_FUNCTION = YES;
				GCC_WARN_UNUSED_VARIABLE = YES;
				IPHONEOS_DEPLOYMENT_TARGET = 18.0;
				LOCALIZATION_PREFERS_STRING_CATALOGS = YES;
				MTL_ENABLE_DEBUG_INFO = INCLUDE_SOURCE;
				MTL_FAST_MATH = YES;
				ONLY_ACTIVE_ARCH = YES;
				SDKROOT = iphoneos;
				SWIFT_ACTIVE_COMPILATION_CONDITIONS = "DEBUG $(inherited)";
				SWIFT_OPTIMIZATION_LEVEL = "-Onone";
			};
			name = Debug;
		};
		95ECEDD22D899CD400773515 /* Release */ = {
			isa = XCBuildConfiguration;
			buildSettings = {
				ALWAYS_SEARCH_USER_PATHS = NO;
				ASSETCATALOG_COMPILER_GENERATE_SWIFT_ASSET_SYMBOL_EXTENSIONS = YES;
				CLANG_ANALYZER_NONNULL = YES;
				CLANG_ANALYZER_NUMBER_OBJECT_CONVERSION = YES_AGGRESSIVE;
				CLANG_CXX_LANGUAGE_STANDARD = "gnu++20";
				CLANG_ENABLE_MODULES = YES;
				CLANG_ENABLE_OBJC_ARC = YES;
				CLANG_ENABLE_OBJC_WEAK = YES;
				CLANG_WARN_BLOCK_CAPTURE_AUTORELEASING = YES;
				CLANG_WARN_BOOL_CONVERSION = YES;
				CLANG_WARN_COMMA = YES;
				CLANG_WARN_CONSTANT_CONVERSION = YES;
				CLANG_WARN_DEPRECATED_OBJC_IMPLEMENTATIONS = YES;
				CLANG_WARN_DIRECT_OBJC_ISA_USAGE = YES_ERROR;
				CLANG_WARN_DOCUMENTATION_COMMENTS = YES;
				CLANG_WARN_EMPTY_BODY = YES;
				CLANG_WARN_ENUM_CONVERSION = YES;
				CLANG_WARN_INFINITE_RECURSION = YES;
				CLANG_WARN_INT_CONVERSION = YES;
				CLANG_WARN_NON_LITERAL_NULL_CONVERSION = YES;
				CLANG_WARN_OBJC_IMPLICIT_RETAIN_SELF = YES;
				CLANG_WARN_OBJC_LITERAL_CONVERSION = YES;
				CLANG_WARN_OBJC_ROOT_CLASS = YES_ERROR;
				CLANG_WARN_QUOTED_INCLUDE_IN_FRAMEWORK_HEADER = YES;
				CLANG_WARN_RANGE_LOOP_ANALYSIS = YES;
				CLANG_WARN_STRICT_PROTOTYPES = YES;
				CLANG_WARN_SUSPICIOUS_MOVE = YES;
				CLANG_WARN_UNGUARDED_AVAILABILITY = YES_AGGRESSIVE;
				CLANG_WARN_UNREACHABLE_CODE = YES;
				CLANG_WARN__DUPLICATE_METHOD_MATCH = YES;
				COPY_PHASE_STRIP = NO;
				DEBUG_INFORMATION_FORMAT = "dwarf-with-dsym";
				ENABLE_NS_ASSERTIONS = NO;
				ENABLE_STRICT_OBJC_MSGSEND = YES;
				ENABLE_USER_SCRIPT_SANDBOXING = YES;
				GCC_C_LANGUAGE_STANDARD = gnu17;
				GCC_NO_COMMON_BLOCKS = YES;
				GCC_WARN_64_TO_32_BIT_CONVERSION = YES;
				GCC_WARN_ABOUT_RETURN_TYPE = YES_ERROR;
				GCC_WARN_UNDECLARED_SELECTOR = YES;
				GCC_WARN_UNINITIALIZED_AUTOS = YES_AGGRESSIVE;
				GCC_WARN_UNUSED_FUNCTION = YES;
				GCC_WARN_UNUSED_VARIABLE = YES;
				IPHONEOS_DEPLOYMENT_TARGET = 18.0;
				LOCALIZATION_PREFERS_STRING_CATALOGS = YES;
				MTL_ENABLE_DEBUG_INFO = NO;
				MTL_FAST_MATH = YES;
				SDKROOT = iphoneos;
				SWIFT_COMPILATION_MODE = wholemodule;
				VALIDATE_PRODUCT = YES;
			};
			name = Release;
		};
		95ECEDD42D899CD400773515 /* Debug */ = {
			isa = XCBuildConfiguration;
			buildSettings = {
				BUNDLE_LOADER = "$(TEST_HOST)";
				CODE_SIGN_STYLE = Automatic;
				CURRENT_PROJECT_VERSION = 1;
				GENERATE_INFOPLIST_FILE = YES;
				IPHONEOS_DEPLOYMENT_TARGET = 18.0;
				MARKETING_VERSION = 1.0;
				PRODUCT_BUNDLE_IDENTIFIER = com.OzanSuperAppTests;
				PRODUCT_NAME = "$(TARGET_NAME)";
				SWIFT_EMIT_LOC_STRINGS = NO;
				SWIFT_VERSION = 5.0;
				TARGETED_DEVICE_FAMILY = "1,2";
				TEST_HOST = "$(BUILT_PRODUCTS_DIR)/OzanSuperApp.app/$(BUNDLE_EXECUTABLE_FOLDER_PATH)/OzanSuperApp";
			};
			name = Debug;
		};
		95ECEDD52D899CD400773515 /* Release */ = {
			isa = XCBuildConfiguration;
			buildSettings = {
				BUNDLE_LOADER = "$(TEST_HOST)";
				CODE_SIGN_STYLE = Automatic;
				CURRENT_PROJECT_VERSION = 1;
				GENERATE_INFOPLIST_FILE = YES;
				IPHONEOS_DEPLOYMENT_TARGET = 18.0;
				MARKETING_VERSION = 1.0;
				PRODUCT_BUNDLE_IDENTIFIER = com.OzanSuperAppTests;
				PRODUCT_NAME = "$(TARGET_NAME)";
				SWIFT_EMIT_LOC_STRINGS = NO;
				SWIFT_VERSION = 5.0;
				TARGETED_DEVICE_FAMILY = "1,2";
				TEST_HOST = "$(BUILT_PRODUCTS_DIR)/OzanSuperApp.app/$(BUNDLE_EXECUTABLE_FOLDER_PATH)/OzanSuperApp";
			};
			name = Release;
		};
		95ECEDD72D899CD400773515 /* Debug */ = {
			isa = XCBuildConfiguration;
			buildSettings = {
				CODE_SIGN_STYLE = Automatic;
				CURRENT_PROJECT_VERSION = 1;
				GENERATE_INFOPLIST_FILE = YES;
				MARKETING_VERSION = 1.0;
				PRODUCT_BUNDLE_IDENTIFIER = com.OzanSuperAppUITests;
				PRODUCT_NAME = "$(TARGET_NAME)";
				SWIFT_EMIT_LOC_STRINGS = NO;
				SWIFT_VERSION = 5.0;
				TARGETED_DEVICE_FAMILY = "1,2";
				TEST_TARGET_NAME = OzanSuperApp;
			};
			name = Debug;
		};
		95ECEDD82D899CD400773515 /* Release */ = {
			isa = XCBuildConfiguration;
			buildSettings = {
				CODE_SIGN_STYLE = Automatic;
				CURRENT_PROJECT_VERSION = 1;
				GENERATE_INFOPLIST_FILE = YES;
				MARKETING_VERSION = 1.0;
				PRODUCT_BUNDLE_IDENTIFIER = com.OzanSuperAppUITests;
				PRODUCT_NAME = "$(TARGET_NAME)";
				SWIFT_EMIT_LOC_STRINGS = NO;
				SWIFT_VERSION = 5.0;
				TARGETED_DEVICE_FAMILY = "1,2";
				TEST_TARGET_NAME = OzanSuperApp;
			};
			name = Release;
		};
/* End XCBuildConfiguration section */

/* Begin XCConfigurationList section */
		95ECEDA02D899CD200773515 /* Build configuration list for PBXProject "OzanSuperApp" */ = {
			isa = XCConfigurationList;
			buildConfigurations = (
				95ECEDD12D899CD400773515 /* Debug */,
				95ECEDD22D899CD400773515 /* Release */,
			);
			defaultConfigurationIsVisible = 0;
			defaultConfigurationName = Release;
		};
		95ECEDCE2D899CD400773515 /* Build configuration list for PBXNativeTarget "OzanSuperApp" */ = {
			isa = XCConfigurationList;
			buildConfigurations = (
				95ECEDCF2D899CD400773515 /* Debug */,
				95ECEDD02D899CD400773515 /* Release */,
			);
			defaultConfigurationIsVisible = 0;
			defaultConfigurationName = Release;
		};
		95ECEDD32D899CD400773515 /* Build configuration list for PBXNativeTarget "OzanSuperAppTests" */ = {
			isa = XCConfigurationList;
			buildConfigurations = (
				95ECEDD42D899CD400773515 /* Debug */,
				95ECEDD52D899CD400773515 /* Release */,
			);
			defaultConfigurationIsVisible = 0;
			defaultConfigurationName = Release;
		};
		95ECEDD62D899CD400773515 /* Build configuration list for PBXNativeTarget "OzanSuperAppUITests" */ = {
			isa = XCConfigurationList;
			buildConfigurations = (
				95ECEDD72D899CD400773515 /* Debug */,
				95ECEDD82D899CD400773515 /* Release */,
			);
			defaultConfigurationIsVisible = 0;
			defaultConfigurationName = Release;
		};
/* End XCConfigurationList section */

/* Begin XCRemoteSwiftPackageReference section */
		95ECEE352D8C4E3D00773515 /* XCRemoteSwiftPackageReference "SDWebImageSVGCoder" */ = {
			isa = XCRemoteSwiftPackageReference;
			repositoryURL = "https://github.com/SDWebImage/SDWebImageSVGCoder.git";
			requirement = {
				kind = upToNextMajorVersion;
				minimumVersion = 1.8.0;
			};
		};
/* End XCRemoteSwiftPackageReference section */

/* Begin XCSwiftPackageProductDependency section */
		95ECEE362D8C4E3D00773515 /* SDWebImageSVGCoder */ = {
			isa = XCSwiftPackageProductDependency;
			package = 95ECEE352D8C4E3D00773515 /* XCRemoteSwiftPackageReference "SDWebImageSVGCoder" */;
			productName = SDWebImageSVGCoder;
		};
/* End XCSwiftPackageProductDependency section */
	};
	rootObject = 95ECED9D2D899CD200773515 /* Project object */;
}
